github.com/c-bata/goptuna v0.9.0 h1:JUO13AVxM4YmO9/NMoaNWegfwaM4wAlkrQ+oN/fgfrg=
github.com/c-bata/goptuna v0.9.0/go.mod h1:X2UFBRhqjEI+x2xw/LbaGRaFa/TRBH9w8QjknAaEavo=
github.com/lib/pq v1.10.9 h1:YXG7RB+JIjhP29X+OtkiDnYaXQwpS4JEWq7dtCCRUEw=
github.com/lib/pq v1.10.9/go.mod h1:AlVN5x4E4T544tWzH6hKfbfQvm3HdbOxrmggDNAPY9o=
gonum.org/v1/gonum v0.14.0 h1:2NiG67LD1tEH0D7kM+ps2V+fXmsAnpUeec7n8tcr4S0=
gonum.org/v1/gonum v0.14.0/go.mod h1:AoWeoz0becf9QMWtE8iWXNXc27fK4fNeHNf/oMejGfU=
